lockfileVersion: '9.0'

settings:
  autoInstallPeers: true
  excludeLinksFromLockfile: false

importers:

  .:
    dependencies:
      '@optiprune/core':
        specifier: 1.0.2
        version: 1.0.2
      commander:
        specifier: ^15.0.0
        version: 15.0.0
      pathe:
        specifier: 2.0.3
        version: 2.0.3
    devDependencies:
      '@types/node':
        specifier: ^22.15.3
        version: 22.20.1
      typescript:
        specifier: ^5.8.3
        version: 5.9.3

packages:

  '@esbuild/aix-ppc64@0.28.1':
    resolution: {integrity: sha512-Svl7tq8k/08+p6CXPpRjQ1fKX+1odH/BQbb48fV6fj3CWHhsoIOoY87w1oHXm0qEpkIK3ZfVgp0hed3XBXzXMQ==}
    engines: {node: '>=18'}
    cpu: [ppc64]
    os: [aix]

  '@esbuild/android-arm64@0.28.1':
    resolution: {integrity: sha512-34EGEbCIAgosYz6goLcopX6Mo7NyGv9tfwEM2/7Ce2VcVRk568iSvniGWcUXIy7wEDR1wzolcxcriFVrWYcwBg==}
    engines: {node: '>=18'}
    cpu: [arm64]
    os: [android]

  '@esbuild/android-arm@0.28.1':
    resolution: {integrity: sha512-0k2F129Xdio1TdJfzJ8sy1Q47vUD2NnwdhiAf7drUN1EBTfPf4hsFCtmMgu/6m8JSzsBrlmVjudMBQqOfG8usQ==}
    engines: {node: '>=18'}
    cpu: [arm]
    os: [android]

  '@esbuild/android-x64@0.28.1':
    resolution: {integrity: sha512-dbwY7ltSMDWsRatcRpCnES4F+im88OCUgGZjy52shC7GqHRE/cYlxNbB4Z4UpJswpcc4Qxd2oE/ufM0p61IKng==}
    engines: {node: '>=18'}
    cpu: [x64]
    os: [android]

  '@esbuild/darwin-arm64@0.28.1':
    resolution: {integrity: sha512-TZbWkQY7kvTAXbXUT7uVACR5cMHsDiSz9z7ZKAX/RTq/WJEk3QyRr0wZpNhBDX+/0CtdqUIJlOiodQcta6tY3Q==}
    engines: {node: '>=18'}
    cpu: [arm64]
    os: [darwin]

  '@esbuild/darwin-x64@0.28.1':
    resolution: {integrity: sha512-zfdzgK9ACBNZLI/CyHTOx81SyNbM6YXn7rxSgX97VjyiPl9W1i4Ka4fgKECEoFCKGpvBj5qArWIGgQjOwkgskQ==}
    engines: {node: '>=18'}
    cpu: [x64]
    os: [darwin]

  '@esbuild/freebsd-arm64@0.28.1':
    resolution: {integrity: sha512-wG2EA8ENdEI0qhkSZMjfqrdY+ziCYCPMmtZjjIwOmXFjmyzEHn+UUxk5of+SYsjtfs3VpnlC7QLzSI5hY/rOAw==}
    engines: {node: '>=18'}
    cpu: [arm64]
    os: [freebsd]

  '@esbuild/freebsd-x64@0.28.1':
    resolution: {integrity: sha512-i7dZ9vQgnvSCzi/rYCXNgtF/U+eKZNJBzu3eTQbRgHnM7tNSizLOkRFAl3qzVc/Op/u5YkHHa4pf/3DOYHthLQ==}
    engines: {node: '>=18'}
    cpu: [x64]
    os: [freebsd]

  '@esbuild/linux-arm64@0.28.1':
    resolution: {integrity: sha512-yHs+0uc8+nvEAfAfxrWQKK5peSNzBc4PegcMO0EJ2hT71uA7vB8Ihg2e77R2P7SG5uYjPbHlLLmve4LLLRCf0g==}
    engines: {node: '>=18'}
    cpu: [arm64]
    os: [linux]

  '@esbuild/linux-arm@0.28.1':
    resolution: {integrity: sha512-qVXBOHQS+d5Y722GwJzJUtOLlX7km3CraOaGormF1pDtPd2C/l1SHRPgjLunLGe51Sh5YYWKMFDyV4SxgMQYTQ==}
    engines: {node: '>=18'}
    cpu: [arm]
    os: [linux]

  '@esbuild/linux-ia32@0.28.1':
    resolution: {integrity: sha512-d1z4ZuP0ajrfz/FhGT4vv278rX8KnPPJx8i5+AtK7TYbx9Le9F1hyzurZpkEyjkGa9dUGhQow4C1NmeGvqxN2w==}
    engines: {node: '>=18'}
    cpu: [ia32]
    os: [linux]

  '@esbuild/linux-loong64@0.28.1':
    resolution: {integrity: sha512-M5sRjUVZrkm1OAPR3dlOYzNmN+loZKGVi1VUQGrwuqLcbR6qeAz+famMhjASeH3YVKvZz+zT1jlh/keC3Rj/lg==}
    engines: {node: '>=18'}
    cpu: [loong64]
    os: [linux]

  '@esbuild/linux-mips64el@0.28.1':
    resolution: {integrity: sha512-mRObBZeHh2OxcBFPWE/FjylkRgZdYuiTR3vaTozquCGOH14iP9oN4x4Ge81CoIDYQrXmIxpFumJBu5MtZpnQJQ==}
    engines: {node: '>=18'}
    cpu: [mips64el]
    os: [linux]

  '@esbuild/linux-ppc64@0.28.1':
    resolution: {integrity: sha512-slScBsMAb3GFDcdrCgLwZtPYRoH2H/youv10QiZyRjmsP48fznoveWytSgCI/R0ZcUgpc0ZhIUEx6LHts8yrfQ==}
    engines: {node: '>=18'}
    cpu: [ppc64]
    os: [linux]

  '@esbuild/linux-riscv64@0.28.1':
    resolution: {integrity: sha512-kw0owk1o0GFETUJyW0jc0G4Yzs0BHZn0JDZ8JRT088vjJYX777BAs1fDGxAC+q831qOs2DTC96mNsG2opdfyyQ==}
    engines: {node: '>=18'}
    cpu: [riscv64]
    os: [linux]

  '@esbuild/linux-s390x@0.28.1':
    resolution: {integrity: sha512-/lAIjX8aYFRByhh6L5rYtPEDRqa9de/4V/juOXcta5frjvzXO4/sqEtyytse0g3zZFuWu5cDN0MkLz2qRDD2Ag==}
    engines: {node: '>=18'}
    cpu: [s390x]
    os: [linux]

  '@esbuild/linux-x64@0.28.1':
    resolution: {integrity: sha512-u/anNYF2mmVOEDwLtnQ1wOr3EZ9sTNGLWrsYGYwHWzGA3Si84IOkHXlbWTD1NB+9/1lcnweYKO54uhxZydNzfA==}
    engines: {node: '>=18'}
    cpu: [x64]
    os: [linux]

  '@esbuild/netbsd-arm64@0.28.1':
    resolution: {integrity: sha512-oks0DYbLwWMmaakTsCb+zL4E+aHRVLom9IJZOAthMQEPiQmydXHkziYEsGYRx0uNV/IjEKGAV941JzH02pflqw==}
    engines: {node: '>=18'}
    cpu: [arm64]
    os: [netbsd]

  '@esbuild/netbsd-x64@0.28.1':
    resolution: {integrity: sha512-aeL6lAnN89Hz43Mlh1G8ARasbuoYvSITDEx0tHh5b7jJnHcssqgjy9Yx430GDpmCa6OyrKoS0aNRjKundRizGg==}
    engines: {node: '>=18'}
    cpu: [x64]
    os: [netbsd]

  '@esbuild/openbsd-arm64@0.28.1':
    resolution: {integrity: sha512-MEFJe5C3R8pwXdZ5Y21oo6m7ePiS0d9pWucn99O/wvyJZChoIQKrQDxKrGeW8F5+T0okTHesAmDeiHDTIq0V/Q==}
    engines: {node: '>=18'}
    cpu: [arm64]
    os: [openbsd]

  '@esbuild/openbsd-x64@0.28.1':
    resolution: {integrity: sha512-i/ZLIOafE0Z8cI/XANJAixoJL/uRAoS2xOA3rb0xN+KK0K177cMAsQYkzHtBrtMXAKuAc7HGgcWiZ/sRC1Nxgw==}
    engines: {node: '>=18'}
    cpu: [x64]
    os: [openbsd]

  '@esbuild/openharmony-arm64@0.28.1':
    resolution: {integrity: sha512-ge+Z7EXFNt2BO1oAMsVpiQ8EwndV9i1xXerAeTIK7AtPs3bKFXQM7nlRxDSIUIMeueR1CNXxqztLzdNeReKBJg==}
    engines: {node: '>=18'}
    cpu: [arm64]
    os: [openharmony]

  '@esbuild/sunos-x64@0.28.1':
    resolution: {integrity: sha512-BEjgtECkL3vY+SaSQ6nzVfiALUeFxpawyp8Jmf5PtYhf1Ug40N1h/hxlhts+f1FvSvarEigdxS3BlSMI2PJLcQ==}
    engines: {node: '>=18'}
    cpu: [x64]
    os: [sunos]

  '@esbuild/win32-arm64@0.28.1':
    resolution: {integrity: sha512-lCv9eK/H6ZJWbE7bh2nw54CZ9M2nupBxJcTsdk/QQnWkdSjKGuxmmH8/GWrlT1eMmZfn4dGcCjRte397WqfQXA==}
    engines: {node: '>=18'}
    cpu: [arm64]
    os: [win32]

  '@esbuild/win32-ia32@0.28.1':
    resolution: {integrity: sha512-zvb/mB2bSCoJOpoCBgYKKpX6YM6mJBlBUVUtVj41DlZJVEB6/0CKlRYxP5wWl1C1ILiCoAU5wZZ4q1P3qeS6Eg==}
    engines: {node: '>=18'}
    cpu: [ia32]
    os: [win32]

  '@esbuild/win32-x64@0.28.1':
    resolution: {integrity: sha512-bm4Mowrv+GXMlpWX++EcXw/iLyd1o3+bJkC2DkWXYVvgZCqD/bSj9ctZeAMC3cIxgjRVR2Dufaiu4YPxr5gW1A==}
    engines: {node: '>=18'}
    cpu: [x64]
    os: [win32]

  '@jitl/quickjs-ffi-types@0.32.0':
    resolution: {integrity: sha512-v9T+GQpmk43VDJ7d72sf0Nexhk+ArvtUihW27dy7lqAl0zBObFKtSBBIm5RBjwIhE8VwsPPm9PNuvPvNqLWUEg==}

  '@jitl/quickjs-wasmfile-debug-asyncify@0.32.0':
    resolution: {integrity: sha512-EX8zbXwGqCgAE764M+qvkHtyXDi/FUoMBea0JnES7vCM3P7a2+EOZOjGv85wtZ2sJhI1oJ+nekmqpOODFDY+hw==}

  '@jitl/quickjs-wasmfile-debug-sync@0.32.0':
    resolution: {integrity: sha512-LeYWrPGC1uNCTBWvibo3ZLJj0CSVNYUXvJpXMCmuQ5Sap2cCACc3uvGvYV4homHHBAzfw5akoTqMMS4YFRtw+Q==}

  '@jitl/quickjs-wasmfile-release-asyncify@0.32.0':
    resolution: {integrity: sha512-3oSwPfja12ICz4aIblB58cuY8JlEq5Txt8Cut4VLo+LH47QN+mzCnSgnbB03hWzg1LBcc+VyyI9UOag7a1NF+Q==}

  '@jitl/quickjs-wasmfile-release-sync@0.32.0':
    resolution: {integrity: sha512-BKNDI/TPBfGlLNGYpLrhcDGXmIk4xHm4MRAisOBnOzpXVn9HZWsfmMAc9WMBrAHjvvds6HOikKeaOBKdPdpVrg==}

  '@nodelib/fs.scandir@2.1.5':
    resolution: {integrity: sha512-vq24Bq3ym5HEQm2NKCr3yXDwjc7vTsEThRDnkp2DK9p1uqLR+DHurm/NOTo0KG7HYHU7eppKZj3MyqYuMBf62g==}
    engines: {node: '>= 8'}

  '@nodelib/fs.stat@2.0.5':
    resolution: {integrity: sha512-RkhPPp2zrqDAQA/2jNhnztcPAlv64XdhIp7a7454A5ovI7Bukxgt7MX7udwAu3zg1DcpPU0rz3VV1SeaqvY4+A==}
    engines: {node: '>= 8'}

  '@nodelib/fs.walk@1.2.8':
    resolution: {integrity: sha512-oGB+UxlgWcgQkgwo8GcEGwemoTFt3FIO9ababBmaGwXIoBKZ+GTy0pP185beGg7Llih/NSHSV2XAs1lnznocSg==}
    engines: {node: '>= 8'}

  '@optiprune/core@1.0.2':
    resolution: {integrity: sha512-V0yrjqcaXiTNal0CAq3q4baN8XjASfHofi0R1+66pJgR0nUGqnYgdQwZ5GZm2zsIqd8CFdlU8ijTNdQy1KFtnw==}
    engines: {node: ^22.18.0 || >=24.11.0}

  '@types/node@22.20.1':
    resolution: {integrity: sha512-EANqOCF9QFyra+4pfxUcX9STKJpCLjMbObVzljIJomAWSnuSIEAvyzEU53GaajbXJEgdh0iEcPL+DGvpUd4k1Q==}

  '@yuku-codegen/binding-android-arm64@0.8.3':
    resolution: {integrity: sha512-/EKnnqwvN7xYoVDhQEIEJTdPDwGW1wkFz/2Eku3ES/IJd4lcQh/OaIDFBmoJKvpe12enrb1TIoYh1fxasGXolA==}
    cpu: [arm64]
    os: [android]

  '@yuku-codegen/binding-darwin-arm64@0.8.3':
    resolution: {integrity: sha512-DFAOliF5YIPv3ayNHGOJhIun6Af4kMaL/YXxf8ZtD1qrOIMFnX/AQBhwfvLalhwmmxuGA8AUteaKRHBvdKZFVA==}
    cpu: [arm64]
    os: [darwin]

  '@yuku-codegen/binding-darwin-x64@0.8.3':
    resolution: {integrity: sha512-WlMh4/oEibaTzE9j5Zq8qnsrH4Ii4kWdcDv/Pj2Rb/MYSrKghtg+bxbWpPe/6zJD21p9zZBApQUxl8ECpZOJuQ==}
    cpu: [x64]
    os: [darwin]

  '@yuku-codegen/binding-freebsd-x64@0.8.3':
    resolution: {integrity: sha512-hoDOpPP0FTxPSD+6w0Gs4p8iL1yXe6jjIXcdzNxyT1KE6B3JI6O0gTIWQISJ+8QyNpNjIwBb7nHCdRavktJM6A==}
    cpu: [x64]
    os: [freebsd]

  '@yuku-codegen/binding-linux-arm-gnu@0.8.3':
    resolution: {integrity: sha512-nNW0GGMJyF04pK4A7Kq7WAYtUWU9uI5ugDAoXl9yHpd3IIZ8UI+zFlM01e+ZGWnQcdxYYLumeRe/EjzZT9bVfQ==}
    cpu: [arm]
    os: [linux]
    libc: [glibc]

  '@yuku-codegen/binding-linux-arm-musl@0.8.3':
    resolution: {integrity: sha512-/jpxKhO8AV5TmXgT3R2Gv3YctKRUhyDzd5bQw8TiJ3O4z7qerHzoW2kE40fPAO3L434/IZtZbdhr8HuOqiwECA==}
    cpu: [arm]
    os: [linux]
    libc: [musl]

  '@yuku-codegen/binding-linux-arm64-gnu@0.8.3':
    resolution: {integrity: sha512-CYhLJfnCknabfLvUjsanxC5s3BBtZHUwfzdDL7GcqShIRQh2qqgG7pPfFrFJ6Jp56kkjKXkfluFGn9nnIv0nZg==}
    cpu: [arm64]
    os: [linux]
    libc: [glibc]

  '@yuku-codegen/binding-linux-arm64-musl@0.8.3':
    resolution: {integrity: sha512-c6gEdnI0MgA7/rVw6CACMciSbAcxVwLyD/jSBbMLWUeqqbysCNGrGPAHdpSaadpz3W1bd+OdXt9XWjfm66708w==}
    cpu: [arm64]
    os: [linux]
    libc: [musl]

  '@yuku-codegen/binding-linux-x64-gnu@0.8.3':
    resolution: {integrity: sha512-CRVZ9Rw5lIah/PpWeShWv7XiUCMY15N6rZRA2sEZrQvc5Az7Dv9/wsDMa6oBMkfQLXuDkFo4G1QOYyWbebjejg==}
    cpu: [x64]
    os: [linux]
    libc: [glibc]

  '@yuku-codegen/binding-linux-x64-musl@0.8.3':
    resolution: {integrity: sha512-G12Nhecjmv7OlbCX6Y4HU4wYYePd111kTE+yTjbitnt+P3m8bNegtYG4ZGo4scGTq8cKsLF4xcda1XNzCUA6nQ==}
    cpu: [x64]
    os: [linux]
    libc: [musl]

  '@yuku-codegen/binding-win32-arm64@0.8.3':
    resolution: {integrity: sha512-i8bpXWaMlik9DvFl+89emEx3RZFtSd21Vlt0UrnPvUC7h8NGElP2SwQcdcG+pPmihFIYJAoIuJLw7YdQcFcDkA==}
    cpu: [arm64]
    os: [win32]

  '@yuku-codegen/binding-win32-x64@0.8.3':
    resolution: {integrity: sha512-vlYymeTSsx+qxZoNvdl6KehgYDaQC4Sk/9KUnM3V2mriyCwSdhW7lqdpQGl+RLGsDTxyuRGjzGIjgRWk3lohmA==}
    cpu: [x64]
    os: [win32]

  '@yuku-parser/binding-android-arm64@0.8.3':
    resolution: {integrity: sha512-vySYRsMeul9ssvxeHdxgS9ZUIcq7gqljWNqgokjJE0uQWvVvOprihJ6hOsiifVqWsla0BMc3vAFBvNS9QqCw7g==}
    cpu: [arm64]
    os: [android]

  '@yuku-parser/binding-darwin-arm64@0.8.3':
    resolution: {integrity: sha512-+wpB/wqhiZ685Y77I+lj6v9pHSAJ3Y+QMHJmvch0Q0ahIMbNwtKk3s54MhtjCMKO1qpjPbyN/PjuHDg2hbKaVQ==}
    cpu: [arm64]
    os: [darwin]

  '@yuku-parser/binding-darwin-x64@0.8.3':
    resolution: {integrity: sha512-jKqiWejj4zVy7pPtEGu4/Ty+pG1h7ooQOXIkm7shKZTSwTU9X8X+eoH11uIeKHZi2SQWV0GhNz0J56eerseysQ==}
    cpu: [x64]
    os: [darwin]

  '@yuku-parser/binding-freebsd-x64@0.8.3':
    resolution: {integrity: sha512-FC7zSwzFzd4z9bsId07CiHLR+Iw6yW/LzIQhL5AUtPUuVXLgEyx0rilgbRUYkl1CT3GJcLpkh63WuPZUSgCDzw==}
    cpu: [x64]
    os: [freebsd]

  '@yuku-parser/binding-linux-arm-gnu@0.8.3':
    resolution: {integrity: sha512-So61j88b9/ygDnUPlWCm1EUPw4HSxAyDjrNHKgud5N3aRDQ3kw94nW7TriXbo7GBXID9oBHCMNm1r1Fof/Df5Q==}
    cpu: [arm]
    os: [linux]
    libc: [glibc]

  '@yuku-parser/binding-linux-arm-musl@0.8.3':
    resolution: {integrity: sha512-Nmnn20yJvSSKL8ZdtqReBRSGCDkSMqR5jEk/Sk/cdIdZmqVD49Z6M7w2GbMjdrxMI1MBPbsWFMMWxa93cd5t5g==}
    cpu: [arm]
    os: [linux]
    libc: [musl]

  '@yuku-parser/binding-linux-arm64-gnu@0.8.3':
    resolution: {integrity: sha512-Lfgw7AXJ0rxu6BMPGgfc8HLJWEIr8BHhCzcQp/75k+NM90uCLkHlBNqIg/K42KlSvBgAvu9euOvjdswib+4qJA==}
    cpu: [arm64]
    os: [linux]
    libc: [glibc]

  '@yuku-parser/binding-linux-arm64-musl@0.8.3':
    resolution: {integrity: sha512-cfRyu87xsJ0tFkHNsnMC4Rq6+xsFJ6i2dc4VAH52d2qLvykEJU/Mdi3ul1O2PyOApX/LoLT3uQZ0fWs3D5XE4w==}
    cpu: [arm64]
    os: [linux]
    libc: [musl]

  '@yuku-parser/binding-linux-x64-gnu@0.8.3':
    resolution: {integrity: sha512-GcQQCUuYxbm6P1n+io/A50rvWKDeWHutIp6rW0ycDOZuEQjOb8hDVgS88+NDyOnd9FfS0/Z6GXopcRFDyKpzOg==}
    cpu: [x64]
    os: [linux]
    libc: [glibc]

  '@yuku-parser/binding-linux-x64-musl@0.8.3':
    resolution: {integrity: sha512-rMkImBGZzg7GZlj8krYtdiezyjYI4igjKWMut5T65jHyNWFigMQrEpn9mDIBflloW9FKhGE3mN6yTZ/N+4HRwg==}
    cpu: [x64]
    os: [linux]
    libc: [musl]

  '@yuku-parser/binding-win32-arm64@0.8.3':
    resolution: {integrity: sha512-/2Pl2cAzCXWxah8FqJapEj/ikpt9cEutEZFCa0hnbfrshkn5+C+aBM3ZDq62d1jsgQjBMmqr5HVhJUA4OAG/Tg==}
    cpu: [arm64]
    os: [win32]

  '@yuku-parser/binding-win32-x64@0.8.3':
    resolution: {integrity: sha512-Ntnvjoan9jnfLhn7Kn3h8j/bhsbVdQSVmKUqFULKtmwImLCJVHOJbLL4qbEJyrOQ7r/FBL1/c/dRvx/AQWzzXg==}
    cpu: [x64]
    os: [win32]

  '@yuku-toolchain/types@0.8.3':
    resolution: {integrity: sha512-9LN3HYs3A9qSPVFunsxlbfwBcUgexti3TmhOzIxB/UH8zFuaHQJXTRDcN17DW6cp1GsyZtiZA7f18uIra36Jag==}

  argparse@2.0.1:
    resolution: {integrity: sha512-8+9WqebbFzpX9OR+Wa6O29asIogeRMzcGtAINdpMHHyAg10f05aSFVBbcEqGf/PXw1EjAZ+q2/bEBg3DvurK3Q==}

  async-mutex@0.3.2:
    resolution: {integrity: sha512-HuTK7E7MT7jZEh1P9GtRW9+aTWiDWWi9InbZ5hjxrnRa39KS4BW04+xLBhYNS2aXhHUIKZSw3gj4Pn1pj+qGAA==}

  braces@3.0.3:
    resolution: {integrity: sha512-yQbXgO/OSZVD2IsiLlro+7Hf6Q18EJrKSEsdoMzKePKXct3gvD8oLcOQdIzGupr5Fj+EDe8gO/lxc1BzfMpxvA==}
    engines: {node: '>=8'}

  commander@15.0.0:
    resolution: {integrity: sha512-z67u4ZhzCL/Tydu1lJARtEZYWbWaN7oYLHbsuzocr6y4N6WZAagG3RQ4FW61V1/0+jImpj293XfrcYnd1qxtPg==}
    engines: {node: '>=22.12.0'}

  esbuild@0.28.1:
    resolution: {integrity: sha512-HrJrvZv5ayxBzPfwphOoNzkzOIIlifzk0KJrGK2c8R4+LKpMtpYLQeUdjnwjWv/LZlkH2laZk+4w78pi99D4Vw==}
    engines: {node: '>=18'}
    hasBin: true

  fast-glob@3.3.3:
    resolution: {integrity: sha512-7MptL8U0cqcFdzIzwOTHoilX9x5BrNqye7Z/LuC7kCMRio1EMSyqRK3BEAUD7sXRq4iT4AzTVuZdhgQ2TCvYLg==}
    engines: {node: '>=8.6.0'}

  fastq@1.20.1:
    resolution: {integrity: sha512-GGToxJ/w1x32s/D2EKND7kTil4n8OVk/9mycTc4VDza13lOvpUZTGX3mFSCtV9ksdGBVzvsyAVLM6mHFThxXxw==}

  fill-range@7.1.1:
    resolution: {integrity: sha512-YsGpe3WHLK8ZYi4tWDg2Jy3ebRz2rXowDxnld4bkQB00cc/1Zw9AWnC0i9ztDJitivtQvaI9KaLyKrc+hBW0yg==}
    engines: {node: '>=8'}

  glob-parent@5.1.2:
    resolution: {integrity: sha512-AOIgSQCepiJYwP3ARnGx+5VnTu2HBYdzbGP45eLw1vr3zB3vZLeyed1sC9hnbcOc9/SrMyM5RPQrkGz4aS9Zow==}
    engines: {node: '>= 6'}

  is-extglob@2.1.1:
    resolution: {integrity: sha512-SbKbANkN603Vi4jEZv49LeVJMn4yGwsbzZworEoyEiutsN3nJYdbO36zfhGJ6QEDpOZIFkDtnq5JRxmvl3jsoQ==}
    engines: {node: '>=0.10.0'}

  is-glob@4.0.3:
    resolution: {integrity: sha512-xelSayHH36ZgE7ZWhli7pW34hNbNl8Ojv5KVmkJD4hBdD3th8Tfk9vYasLM+mXWOZhFkgZfxhLSnrwRr4elSSg==}
    engines: {node: '>=0.10.0'}

  is-number@7.0.0:
    resolution: {integrity: sha512-41Cifkg6e8TylSpdtTpeLVMqvSBEVzTttHvERD741+pnZ8ANv0004MRL43QKPDlK9cGvNp6NZWZUBlbGXYxxng==}
    engines: {node: '>=0.12.0'}

  js-yaml@5.2.3:
    resolution: {integrity: sha512-n+mUVyUX5bVv7G/G2zyIHOhdxfuU1dY2NOFzTQUWiMUbFss8b57NFlgCCaggU78wSw5KVS9cllzeLyzyR+n5nw==}
    hasBin: true

  merge2@1.4.1:
    resolution: {integrity: sha512-8q7VEgMJW4J8tcfVPy8g09NcQwZdbwFEqhe/WZkoIzjn/3TGDwtOCYtXGxA3O8tPzpczCCDgv+P2P5y00ZJOOg==}
    engines: {node: '>= 8'}

  micromatch@4.0.8:
    resolution: {integrity: sha512-PXwfBhYu0hBCPw8Dn0E+WDYb7af3dSLVWKi3HGv84IdF4TyFoC0ysxFd0Goxw7nSv4T/PzEJQxsYsEiFCKo2BA==}
    engines: {node: '>=8.6'}

  pathe@2.0.3:
    resolution: {integrity: sha512-WUjGcAqP1gQacoQe+OBJsFA7Ld4DyXuUIjZ5cc75cLHvJ7dtNsTugphxIADwspS+AraAUePCKrSVtPLFj/F88w==}

  picomatch@2.3.2:
    resolution: {integrity: sha512-V7+vQEJ06Z+c5tSye8S+nHUfI51xoXIXjHQ99cQtKUkQqqO1kO/KCJUfZXuB47h/YBlDhah2H3hdUGXn8ie0oA==}
    engines: {node: '>=8.6'}

  queue-microtask@1.2.3:
    resolution: {integrity: sha512-NuaNSa6flKT5JaSYQzJok04JzTL1CA6aGhv5rfLW3PgqA+M2ChpZQnAC8h8i4ZFkBS8X5RqkDBHA7r4hej3K9A==}

  quickjs-emscripten-core@0.32.0:
    resolution: {integrity: sha512-QFnPfjFey8EqknSrSxe1hZrf1/8z7/6s1QzGOmKo6++02r7QRRX7ZoyNaZh7JuVjWsVW87KnQrbZqnHkOAzUyg==}

  quickjs-emscripten@0.32.0:
    resolution: {integrity: sha512-So0Sqw869y/S2oE3Nuc0uT3Dhqgvsj8FSrwBdsuTosVsG8ME5/OcudU1GxsrIFdFABgy17GHnTVO9TYV/bLQcA==}
    engines: {node: '>=16.0.0'}

  reusify@1.1.0:
    resolution: {integrity: sha512-g6QUff04oZpHs0eG5p83rFLhHeV00ug/Yf9nZM6fLeUrPguBTkTQOdpAWWspMh55TZfVQDPaN3NQJfbVRAxdIw==}
    engines: {iojs: '>=1.0.0', node: '>=0.10.0'}

  run-parallel@1.2.0:
    resolution: {integrity: sha512-5l4VyZR86LZ/lDxZTR6jqL8AFE2S0IFLMP26AbjsLVADxHdhB/c0GUsH+y39UfCi3dzz8OlQuPmnaJOMoDHQBA==}

  to-regex-range@5.0.1:
    resolution: {integrity: sha512-65P7iz6X5yEr1cwcgvQxbbIw7Uk3gOy5dIdtZ4rDveLqhrdJP+Li/Hx6tyK0NEb+2GCyneCMJiGqrADCSNk8sQ==}
    engines: {node: '>=8.0'}

  tslib@2.8.1:
    resolution: {integrity: sha512-oJFu94HQb+KVduSUQL7wnpmqnfmLsOA/nAh6b6EH0wCEoK0/mPeXU6c3wKDV83MkOuHPRHtSXKKU99IBazS/2w==}

  typescript@5.9.3:
    resolution: {integrity: sha512-jl1vZzPDinLr9eUt3J/t7V6FgNEw9QjvBPdysz9KfQDD41fQrC2Y4vKQdiaUpFT4bXlb1RHhLpp8wtm6M5TgSw==}
    engines: {node: '>=14.17'}
    hasBin: true

  undici-types@6.21.0:
    resolution: {integrity: sha512-iwDZqg0QAGrg9Rav5H4n0M64c3mkR59cJ6wQp+7C4nI0gsmExaedaYLNO44eT4AtBBwjbTiGPMlt2Md0T9H9JQ==}

  yuku-ast@0.8.3:
    resolution: {integrity: sha512-8x34yU5uhHUnJXzy2Qvjvec/vE9BzS0/2khVT1MsLmSLO/P8Q1Wp8IxHv+IhD+HMYETk6kherOSvP4JPWw2joQ==}

  yuku-codegen@0.8.3:
    resolution: {integrity: sha512-okdo5bb+TfebQa4JOjz9QxeT34D6CcBxu8dxaPUdFEKRdLkp+D2Fah2OanepK+XTyPXdmAJzAo9iXvYvZ/5rmg==}

  yuku-parser@0.8.3:
    resolution: {integrity: sha512-KPQcpF9aj77ywlJBIkQWCQ9DObdxnCA8AJdUOmA5CZZx042Xt4+dvbQmPJfWxF3E+KG5dVAZ2fBKuDJ8VsKWgA==}

  z3-solver@5.0.0:
    resolution: {integrity: sha512-EvhfLFl5Vn2YfvLIRfpEPugJ9yKC6WgE5aF6IuybTGKurO+N/pMwTfvEPJ1ufnWa2pUj7V1pEpDBdIUl/NXgMA==}
    engines: {node: '>=16'}

snapshots:

  '@esbuild/aix-ppc64@0.28.1':
    optional: true

  '@esbuild/android-arm64@0.28.1':
    optional: true

  '@esbuild/android-arm@0.28.1':
    optional: true

  '@esbuild/android-x64@0.28.1':
    optional: true

  '@esbuild/darwin-arm64@0.28.1':
    optional: true

  '@esbuild/darwin-x64@0.28.1':
    optional: true

  '@esbuild/freebsd-arm64@0.28.1':
    optional: true

  '@esbuild/freebsd-x64@0.28.1':
    optional: true

  '@esbuild/linux-arm64@0.28.1':
    optional: true

  '@esbuild/linux-arm@0.28.1':
    optional: true

  '@esbuild/linux-ia32@0.28.1':
    optional: true

  '@esbuild/linux-loong64@0.28.1':
    optional: true

  '@esbuild/linux-mips64el@0.28.1':
    optional: true

  '@esbuild/linux-ppc64@0.28.1':
    optional: true

  '@esbuild/linux-riscv64@0.28.1':
    optional: true

  '@esbuild/linux-s390x@0.28.1':
    optional: true

  '@esbuild/linux-x64@0.28.1':
    optional: true

  '@esbuild/netbsd-arm64@0.28.1':
    optional: true

  '@esbuild/netbsd-x64@0.28.1':
    optional: true

  '@esbuild/openbsd-arm64@0.28.1':
    optional: true

  '@esbuild/openbsd-x64@0.28.1':
    optional: true

  '@esbuild/openharmony-arm64@0.28.1':
    optional: true

  '@esbuild/sunos-x64@0.28.1':
    optional: true

  '@esbuild/win32-arm64@0.28.1':
    optional: true

  '@esbuild/win32-ia32@0.28.1':
    optional: true

  '@esbuild/win32-x64@0.28.1':
    optional: true

  '@jitl/quickjs-ffi-types@0.32.0': {}

  '@jitl/quickjs-wasmfile-debug-asyncify@0.32.0':
    dependencies:
      '@jitl/quickjs-ffi-types': 0.32.0

  '@jitl/quickjs-wasmfile-debug-sync@0.32.0':
    dependencies:
      '@jitl/quickjs-ffi-types': 0.32.0

  '@jitl/quickjs-wasmfile-release-asyncify@0.32.0':
    dependencies:
      '@jitl/quickjs-ffi-types': 0.32.0

  '@jitl/quickjs-wasmfile-release-sync@0.32.0':
    dependencies:
      '@jitl/quickjs-ffi-types': 0.32.0

  '@nodelib/fs.scandir@2.1.5':
    dependencies:
      '@nodelib/fs.stat': 2.0.5
      run-parallel: 1.2.0

  '@nodelib/fs.stat@2.0.5': {}

  '@nodelib/fs.walk@1.2.8':
    dependencies:
      '@nodelib/fs.scandir': 2.1.5
      fastq: 1.20.1

  '@optiprune/core@1.0.2':
    dependencies:
      esbuild: 0.28.1
      fast-glob: 3.3.3
      js-yaml: 5.2.3
      pathe: 2.0.3
      quickjs-emscripten: 0.32.0
      yuku-ast: 0.8.3
      yuku-codegen: 0.8.3
      yuku-parser: 0.8.3
      z3-solver: 5.0.0

  '@types/node@22.20.1':
    dependencies:
      undici-types: 6.21.0

  '@yuku-codegen/binding-android-arm64@0.8.3':
    optional: true

  '@yuku-codegen/binding-darwin-arm64@0.8.3':
    optional: true

  '@yuku-codegen/binding-darwin-x64@0.8.3':
    optional: true

  '@yuku-codegen/binding-freebsd-x64@0.8.3':
    optional: true

  '@yuku-codegen/binding-linux-arm-gnu@0.8.3':
    optional: true

  '@yuku-codegen/binding-linux-arm-musl@0.8.3':
    optional: true

  '@yuku-codegen/binding-linux-arm64-gnu@0.8.3':
    optional: true

  '@yuku-codegen/binding-linux-arm64-musl@0.8.3':
    optional: true

  '@yuku-codegen/binding-linux-x64-gnu@0.8.3':
    optional: true

  '@yuku-codegen/binding-linux-x64-musl@0.8.3':
    optional: true

  '@yuku-codegen/binding-win32-arm64@0.8.3':
    optional: true

  '@yuku-codegen/binding-win32-x64@0.8.3':
    optional: true

  '@yuku-parser/binding-android-arm64@0.8.3':
    optional: true

  '@yuku-parser/binding-darwin-arm64@0.8.3':
    optional: true

  '@yuku-parser/binding-darwin-x64@0.8.3':
    optional: true

  '@yuku-parser/binding-freebsd-x64@0.8.3':
    optional: true

  '@yuku-parser/binding-linux-arm-gnu@0.8.3':
    optional: true

  '@yuku-parser/binding-linux-arm-musl@0.8.3':
    optional: true

  '@yuku-parser/binding-linux-arm64-gnu@0.8.3':
    optional: true

  '@yuku-parser/binding-linux-arm64-musl@0.8.3':
    optional: true

  '@yuku-parser/binding-linux-x64-gnu@0.8.3':
    optional: true

  '@yuku-parser/binding-linux-x64-musl@0.8.3':
    optional: true

  '@yuku-parser/binding-win32-arm64@0.8.3':
    optional: true

  '@yuku-parser/binding-win32-x64@0.8.3':
    optional: true

  '@yuku-toolchain/types@0.8.3': {}

  argparse@2.0.1: {}

  async-mutex@0.3.2:
    dependencies:
      tslib: 2.8.1

  braces@3.0.3:
    dependencies:
      fill-range: 7.1.1

  commander@15.0.0: {}

  esbuild@0.28.1:
    optionalDependencies:
      '@esbuild/aix-ppc64': 0.28.1
      '@esbuild/android-arm': 0.28.1
      '@esbuild/android-arm64': 0.28.1
      '@esbuild/android-x64': 0.28.1
      '@esbuild/darwin-arm64': 0.28.1
      '@esbuild/darwin-x64': 0.28.1
      '@esbuild/freebsd-arm64': 0.28.1
      '@esbuild/freebsd-x64': 0.28.1
      '@esbuild/linux-arm': 0.28.1
      '@esbuild/linux-arm64': 0.28.1
      '@esbuild/linux-ia32': 0.28.1
      '@esbuild/linux-loong64': 0.28.1
      '@esbuild/linux-mips64el': 0.28.1
      '@esbuild/linux-ppc64': 0.28.1
      '@esbuild/linux-riscv64': 0.28.1
      '@esbuild/linux-s390x': 0.28.1
      '@esbuild/linux-x64': 0.28.1
      '@esbuild/netbsd-arm64': 0.28.1
      '@esbuild/netbsd-x64': 0.28.1
      '@esbuild/openbsd-arm64': 0.28.1
      '@esbuild/openbsd-x64': 0.28.1
      '@esbuild/openharmony-arm64': 0.28.1
      '@esbuild/sunos-x64': 0.28.1
      '@esbuild/win32-arm64': 0.28.1
      '@esbuild/win32-ia32': 0.28.1
      '@esbuild/win32-x64': 0.28.1

  fast-glob@3.3.3:
    dependencies:
      '@nodelib/fs.stat': 2.0.5
      '@nodelib/fs.walk': 1.2.8
      glob-parent: 5.1.2
      merge2: 1.4.1
      micromatch: 4.0.8

  fastq@1.20.1:
    dependencies:
      reusify: 1.1.0

  fill-range@7.1.1:
    dependencies:
      to-regex-range: 5.0.1

  glob-parent@5.1.2:
    dependencies:
      is-glob: 4.0.3

  is-extglob@2.1.1: {}

  is-glob@4.0.3:
    dependencies:
      is-extglob: 2.1.1

  is-number@7.0.0: {}

  js-yaml@5.2.3:
    dependencies:
      argparse: 2.0.1

  merge2@1.4.1: {}

  micromatch@4.0.8:
    dependencies:
      braces: 3.0.3
      picomatch: 2.3.2

  pathe@2.0.3: {}

  picomatch@2.3.2: {}

  queue-microtask@1.2.3: {}

  quickjs-emscripten-core@0.32.0:
    dependencies:
      '@jitl/quickjs-ffi-types': 0.32.0

  quickjs-emscripten@0.32.0:
    dependencies:
      '@jitl/quickjs-wasmfile-debug-asyncify': 0.32.0
      '@jitl/quickjs-wasmfile-debug-sync': 0.32.0
      '@jitl/quickjs-wasmfile-release-asyncify': 0.32.0
      '@jitl/quickjs-wasmfile-release-sync': 0.32.0
      quickjs-emscripten-core: 0.32.0

  reusify@1.1.0: {}

  run-parallel@1.2.0:
    dependencies:
      queue-microtask: 1.2.3

  to-regex-range@5.0.1:
    dependencies:
      is-number: 7.0.0

  tslib@2.8.1: {}

  typescript@5.9.3: {}

  undici-types@6.21.0: {}

  yuku-ast@0.8.3:
    dependencies:
      '@yuku-toolchain/types': 0.8.3

  yuku-codegen@0.8.3:
    dependencies:
      '@yuku-toolchain/types': 0.8.3
    optionalDependencies:
      '@yuku-codegen/binding-android-arm64': 0.8.3
      '@yuku-codegen/binding-darwin-arm64': 0.8.3
      '@yuku-codegen/binding-darwin-x64': 0.8.3
      '@yuku-codegen/binding-freebsd-x64': 0.8.3
      '@yuku-codegen/binding-linux-arm-gnu': 0.8.3
      '@yuku-codegen/binding-linux-arm-musl': 0.8.3
      '@yuku-codegen/binding-linux-arm64-gnu': 0.8.3
      '@yuku-codegen/binding-linux-arm64-musl': 0.8.3
      '@yuku-codegen/binding-linux-x64-gnu': 0.8.3
      '@yuku-codegen/binding-linux-x64-musl': 0.8.3
      '@yuku-codegen/binding-win32-arm64': 0.8.3
      '@yuku-codegen/binding-win32-x64': 0.8.3

  yuku-parser@0.8.3:
    dependencies:
      '@yuku-toolchain/types': 0.8.3
      yuku-ast: 0.8.3
    optionalDependencies:
      '@yuku-parser/binding-android-arm64': 0.8.3
      '@yuku-parser/binding-darwin-arm64': 0.8.3
      '@yuku-parser/binding-darwin-x64': 0.8.3
      '@yuku-parser/binding-freebsd-x64': 0.8.3
      '@yuku-parser/binding-linux-arm-gnu': 0.8.3
      '@yuku-parser/binding-linux-arm-musl': 0.8.3
      '@yuku-parser/binding-linux-arm64-gnu': 0.8.3
      '@yuku-parser/binding-linux-arm64-musl': 0.8.3
      '@yuku-parser/binding-linux-x64-gnu': 0.8.3
      '@yuku-parser/binding-linux-x64-musl': 0.8.3
      '@yuku-parser/binding-win32-arm64': 0.8.3
      '@yuku-parser/binding-win32-x64': 0.8.3

  z3-solver@5.0.0:
    dependencies:
      async-mutex: 0.3.2
